// !$*UTF8*$!
{
	archiveVersion = 1;
	classes = {
	};
	objectVersion = 56;
	objects = {

/* Begin PBXBuildFile section */
		99000A622AF296F000FFB40F /* AppDelegate.swift in Sources */ = {isa = PBXBuildFile; fileRef = 99000A612AF296F000FFB40F /* AppDelegate.swift */; };
		99000A642AF296F000FFB40F /* SceneDelegate.swift in Sources */ = {isa = PBXBuildFile; fileRef = 99000A632AF296F000FFB40F /* SceneDelegate.swift */; };
		99000A662AF296F000FFB40F /* ViewController.swift in Sources */ = {isa = PBXBuildFile; fileRef = 99000A652AF296F000FFB40F /* ViewController.swift */; };
		99000A692AF296F000FFB40F /* Main.storyboard in Resources */ = {isa = PBXBuildFile; fileRef = 99000A672AF296F000FFB40F /* Main.storyboard */; };
		99000A6C2AF296F000FFB40F /* Shopping_List_Program.xcdatamodeld in Sources */ = {isa = PBXBuildFile; fileRef = 99000A6A2AF296F000FFB40F /* Shopping_List_Program.xcdatamodeld */; };
		99000A6E2AF296F100FFB40F /* Assets.xcassets in Resources */ = {isa = PBXBuildFile; fileRef = 99000A6D2AF296F100FFB40F /* Assets.xcassets */; };
		99000A712AF296F100FFB40F /* LaunchScreen.storyboard in Resources */ = {isa = PBXBuildFile; fileRef = 99000A6F2AF296F100FFB40F /* LaunchScreen.storyboard */; };
		99000A7C2AF296F100FFB40F /* Shopping_List_ProgramTests.swift in Sources */ = {isa = PBXBuildFile; fileRef = 99000A7B2AF296F100FFB40F /* Shopping_List_ProgramTests.swift */; };
		99000A862AF296F100FFB40F /* Shopping_List_ProgramUITests.swift in Sources */ = {isa = PBXBuildFile; fileRef = 99000A852AF296F100FFB40F /* Shopping_List_ProgramUITests.swift */; };
		99000A882AF296F100FFB40F /* Shopping_List_ProgramUITestsLaunchTests.swift in Sources */ = {isa = PBXBuildFile; fileRef = 99000A872AF296F100FFB40F /* Shopping_List_ProgramUITestsLaunchTests.swift */; };
/* End PBXBuildFile section */

/* Begin PBXContainerItemProxy section */
		99000A782AF296F100FFB40F /* PBXContainerItemProxy */ = {
			isa = PBXContainerItemProxy;
			containerPortal = 99000A562AF296F000FFB40F /* Project object */;
			proxyType = 1;
			remoteGlobalIDString = 99000A5D2AF296F000FFB40F;
			remoteInfo = "Shopping List Program";
		};
		99000A822AF296F100FFB40F /* PBXContainerItemProxy */ = {
			isa = PBXContainerItemProxy;
			containerPortal = 99000A562AF296F000FFB40F /* Project object */;
			proxyType = 1;
			remoteGlobalIDString = 99000A5D2AF296F000FFB40F;
			remoteInfo = "Shopping List Program";
		};
/* End PBXContainerItemProxy section */

/* Begin PBXFileReference section */
		99000A5E2AF296F000FFB40F /* Shopping List Program.app */ = {isa = PBXFileReference; explicitFileType = wrapper.application; includeInIndex = 0; path = "Shopping List Program.app"; sourceTree = BUILT_PRODUCTS_DIR; };
		99000A612AF296F000FFB40F /* AppDelegate.swift */ = {isa = PBXFileReference; lastKnownFileType = sourcecode.swift; path = AppDelegate.swift; sourceTree = "<group>"; };
		99000A632AF296F000FFB40F /* SceneDelegate.swift */ = {isa = PBXFileReference; lastKnownFileType = sourcecode.swift; path = SceneDelegate.swift; sourceTree = "<group>"; };
		99000A652AF296F000FFB40F /* ViewController.swift */ = {isa = PBXFileReference; lastKnownFileType = sourcecode.swift; path = ViewController.swift; sourceTree = "<group>"; };
		99000A682AF296F000FFB40F /* Base */ = {isa = PBXFileReference; lastKnownFileType = file.storyboard; name = Base; path = Base.lproj/Main.storyboard; sourceTree = "<group>"; };
		99000A6B2AF296F000FFB40F /* Shopping_List_Program.xcdatamodel */ = {isa = PBXFileReference; lastKnownFileType = wrapper.xcdatamodel; path = Shopping_List_Program.xcdatamodel; sourceTree = "<group>"; };
		99000A6D2AF296F100FFB40F /* Assets.xcassets */ = {isa = PBXFileReference; lastKnownFileType = folder.assetcatalog; path = Assets.xcassets; sourceTree = "<group>"; };
		99000A702AF296F100FFB40F /* Base */ = {isa = PBXFileReference; lastKnownFileType = file.storyboard; name = Base; path = Base.lproj/LaunchScreen.storyboard; sourceTree = "<group>"; };
		99000A722AF296F100FFB40F /* Info.plist */ = {isa = PBXFileReference; lastKnownFileType = text.plist.xml; path = Info.plist; sourceTree = "<group>"; };
		99000A772AF296F100FFB40F /* Shopping List ProgramTests.xctest */ = {isa = PBXFileReference; explicitFileType = wrapper.cfbundle; includeInIndex = 0; path = "Shopping List ProgramTests.xctest"; sourceTree = BUILT_PRODUCTS_DIR; };
		99000A7B2AF296F100FFB40F /* Shopping_List_ProgramTests.swift */ = {isa = PBXFileReference; lastKnownFileType = sourcecode.swift; path = Shopping_List_ProgramTests.swift; sourceTree = "<group>"; };
		99000A812AF296F100FFB40F /* Shopping List ProgramUITests.xctest */ = {isa = PBXFileReference; explicitFileType = wrapper.cfbundle; includeInIndex = 0; path = "Shopping List ProgramUITests.xctest"; sourceTree = BUILT_PRODUCTS_DIR; };
		99000A852AF296F100FFB40F /* Shopping_List_ProgramUITests.swift */ = {isa = PBXFileReference; lastKnownFileType = sourcecode.swift; path = Shopping_List_ProgramUITests.swift; sourceTree = "<group>"; };
		99000A872AF296F100FFB40F /* Shopping_List_ProgramUITestsLaunchTests.swift */ = {isa = PBXFileReference; lastKnownFileType = sourcecode.swift; path = Shopping_List_ProgramUITestsLaunchTests.swift; sourceTree = "<group>"; };
/* End PBXFileReference section */

/* Begin PBXFrameworksBuildPhase section */
		99000A5B2AF296F000FFB40F /* Frameworks */ = {
			isa = PBXFrameworksBuildPhase;
			buildActionMask = 2147483647;
			files = (
			);
			runOnlyForDeploymentPostprocessing = 0;
		};
		99000A742AF296F100FFB40F /* Frameworks */ = {
			isa = PBXFrameworksBuildPhase;
			buildActionMask = 2147483647;
			files = (
			);
			runOnlyForDeploymentPostprocessing = 0;
		};
		99000A7E2AF296F100FFB40F /* Frameworks */ = {
			isa = PBXFrameworksBuildPhase;
			buildActionMask = 2147483647;
			files = (
			);
			runOnlyForDeploymentPostprocessing = 0;
		};
/* End PBXFrameworksBuildPhase section */

/* Begin PBXGroup section */
		99000A552AF296F000FFB40F = {
			isa = PBXGroup;
			children = (
				99000A602AF296F000FFB40F /* Shopping List Program */,
				99000A7A2AF296F100FFB40F /* Shopping List ProgramTests */,
				99000A842AF296F100FFB40F /* Shopping List ProgramUITests */,
				99000A5F2AF296F000FFB40F /* Products */,
			);
			sourceTree = "<group>";
		};
		99000A5F2AF296F000FFB40F /* Products */ = {
			isa = PBXGroup;
			children = (
				99000A5E2AF296F000FFB40F /* Shopping List Program.app */,
				99000A772AF296F100FFB40F /* Shopping List ProgramTests.xctest */,
				99000A812AF296F100FFB40F /* Shopping List ProgramUITests.xctest */,
			);
			name = Products;
			sourceTree = "<group>";
		};
		99000A602AF296F000FFB40F /* Shopping List Program */ = {
			isa = PBXGroup;
			children = (
				99000A612AF296F000FFB40F /* AppDelegate.swift */,
				99000A632AF296F000FFB40F /* SceneDelegate.swift */,
				99000A652AF296F000FFB40F /* ViewController.swift */,
				99000A672AF296F000FFB40F /* Main.storyboard */,
				99000A6D2AF296F100FFB40F /* Assets.xcassets */,
				99000A6F2AF296F100FFB40F /* LaunchScreen.storyboard */,
				99000A722AF296F100FFB40F /* Info.plist */,
				99000A6A2AF296F000FFB40F /* Shopping_List_Program.xcdatamodeld */,
			);
			path = "Shopping List Program";
			sourceTree = "<group>";
		};
		99000A7A2AF296F100FFB40F /* Shopping List ProgramTests */ = {
			isa = PBXGroup;
			children = (
				99000A7B2AF296F100FFB40F /* Shopping_List_ProgramTests.swift */,
			);
			path = "Shopping List ProgramTests";
			sourceTree = "<group>";
		};
		99000A842AF296F100FFB40F /* Shopping List ProgramUITests */ = {
			isa = PBXGroup;
			children = (
				99000A852AF296F100FFB40F /* Shopping_List_ProgramUITests.swift */,
				99000A872AF296F100FFB40F /* Shopping_List_ProgramUITestsLaunchTests.swift */,
			);
			path = "Shopping List ProgramUITests";
			sourceTree = "<group>";
		};
/* End PBXGroup section */

/* Begin PBXNativeTarget section */
		99000A5D2AF296F000FFB40F /* Shopping List Program */ = {
			isa = PBXNativeTarget;
			buildConfigurationList = 99000A8B2AF296F100FFB40F /* Build configuration list for PBXNativeTarget "Shopping List Program" */;
			buildPhases = (
				99000A5A2AF296F000FFB40F /* Sources */,
				99000A5B2AF296F000FFB40F /* Frameworks */,
				99000A5C2AF296F000FFB40F /* Resources */,
			);
			buildRules = (
			);
			dependencies = (
			);
			name = "Shopping List Program";
			productName = "Shopping List Program";
			productReference = 99000A5E2AF296F000FFB40F /* Shopping List Program.app */;
			productType = "com.apple.product-type.application";
		};
		99000A762AF296F100FFB40F /* Shopping List ProgramTests */ = {
			isa = PBXNativeTarget;
			buildConfigurationList = 99000A8E2AF296F100FFB40F /* Build configuration list for PBXNativeTarget "Shopping List ProgramTests" */;
			buildPhases = (
				99000A732AF296F100FFB40F /* Sources */,
				99000A742AF296F100FFB40F /* Frameworks */,
				99000A752AF296F100FFB40F /* Resources */,
			);
			buildRules = (
			);
			dependencies = (
				99000A792AF296F100FFB40F /* PBXTargetDependency */,
			);
			name = "Shopping List ProgramTests";
			productName = "Shopping List ProgramTests";
			productReference = 99000A772AF296F100FFB40F /* Shopping List ProgramTests.xctest */;
			productType = "com.apple.product-type.bundle.unit-test";
		};
		99000A802AF296F100FFB40F /* Shopping List ProgramUITests */ = {
			isa = PBXNativeTarget;
			buildConfigurationList = 99000A912AF296F100FFB40F /* Build configuration list for PBXNativeTarget "Shopping List ProgramUITests" */;
			buildPhases = (
				99000A7D2AF296F100FFB40F /* Sources */,
				99000A7E2AF296F100FFB40F /* Frameworks */,
				99000A7F2AF296F100FFB40F /* Resources */,
			);
			buildRules = (
			);
			dependencies = (
				99000A832AF296F100FFB40F /* PBXTargetDependency */,
			);
			name = "Shopping List ProgramUITests";
			productName = "Shopping List ProgramUITests";
			productReference = 99000A812AF296F100FFB40F /* Shopping List ProgramUITests.xctest */;
			productType = "com.apple.product-type.bundle.ui-testing";
		};
/* End PBXNativeTarget section */

/* Begin PBXProject section */
		99000A562AF296F000FFB40F /* Project object */ = {
			isa = PBXProject;
			attributes = {
				BuildIndependentTargetsInParallel = 1;
				LastSwiftUpdateCheck = 1430;
				LastUpgradeCheck = 1430;
				TargetAttributes = {
					99000A5D2AF296F000FFB40F = {
						CreatedOnToolsVersion = 14.3.1;
					};
					99000A762AF296F100FFB40F = {
						CreatedOnToolsVersion = 14.3.1;
						TestTargetID = 99000A5D2AF296F000FFB40F;
					};
					99000A802AF296F100FFB40F = {
						CreatedOnToolsVersion = 14.3.1;
						TestTargetID = 99000A5D2AF296F000FFB40F;
					};
				};
			};
			buildConfigurationList = 99000A592AF296F000FFB40F /* Build configuration list for PBXProject "Shopping List Program" */;
			compatibilityVersion = "Xcode 14.0";
			developmentRegion = en;
			hasScannedForEncodings = 0;
			knownRegions = (
				en,
				Base,
			);
			mainGroup = 99000A552AF296F000FFB40F;
			productRefGroup = 99000A5F2AF296F000FFB40F /* Products */;
			projectDirPath = "";
			projectRoot = "";
			targets = (
				99000A5D2AF296F000FFB40F /* Shopping List Program */,
				99000A762AF296F100FFB40F /* Shopping List ProgramTests */,
				99000A802AF296F100FFB40F /* Shopping List ProgramUITests */,
			);
		};
/* End PBXProject section */

/* Begin PBXResourcesBuildPhase section */
		99000A5C2AF296F000FFB40F /* Resources */ = {
			isa = PBXResourcesBuildPhase;
			buildActionMask = 2147483647;
			files = (
				99000A712AF296F100FFB40F /* LaunchScreen.storyboard in Resources */,
				99000A6E2AF296F100FFB40F /* Assets.xcassets in Resources */,
				99000A692AF296F000FFB40F /* Main.storyboard in Resources */,
			);
			runOnlyForDeploymentPostprocessing = 0;
		};
		99000A752AF296F100FFB40F /* Resources */ = {
			isa = PBXResourcesBuildPhase;
			buildActionMask = 2147483647;
			files = (
			);
			runOnlyForDeploymentPostprocessing = 0;
		};
		99000A7F2AF296F100FFB40F /* Resources */ = {
			isa = PBXResourcesBuildPhase;
			buildActionMask = 2147483647;
			files = (
			);
			runOnlyForDeploymentPostprocessing = 0;
		};
/* End PBXResourcesBuildPhase section */

/* Begin PBXSourcesBuildPhase section */
		99000A5A2AF296F000FFB40F /* Sources */ = {
			isa = PBXSourcesBuildPhase;
			buildActionMask = 2147483647;
			files = (
				99000A6C2AF296F000FFB40F /* Shopping_List_Program.xcdatamodeld in Sources */,
				99000A662AF296F000FFB40F /* ViewController.swift in Sources */,
				99000A622AF296F000FFB40F /* AppDelegate.swift in Sources */,
				99000A642AF296F000FFB40F /* SceneDelegate.swift in Sources */,
			);
			runOnlyForDeploymentPostprocessing = 0;
		};
		99000A732AF296F100FFB40F /* Sources */ = {
			isa = PBXSourcesBuildPhase;
			buildActionMask = 2147483647;
			files = (
				99000A7C2AF296F100FFB40F /* Shopping_List_ProgramTests.swift in Sources */,
			);
			runOnlyForDeploymentPostprocessing = 0;
		};
		99000A7D2AF296F100FFB40F /* Sources */ = {
			isa = PBXSourcesBuildPhase;
			buildActionMask = 2147483647;
			files = (
				99000A862AF296F100FFB40F /* Shopping_List_ProgramUITests.swift in Sources */,
				99000A882AF296F100FFB40F /* Shopping_List_ProgramUITestsLaunchTests.swift in Sources */,
			);
			runOnlyForDeploymentPostprocessing = 0;
		};
/* End PBXSourcesBuildPhase section */

/* Begin PBXTargetDependency section */
		99000A792AF296F100FFB40F /* PBXTargetDependency */ = {
			isa = PBXTargetDependency;
			target = 99000A5D2AF296F000FFB40F /* Shopping List Program */;
			targetProxy = 99000A782AF296F100FFB40F /* PBXContainerItemProxy */;
		};
		99000A832AF296F100FFB40F /* PBXTargetDependency */ = {
			isa = PBXTargetDependency;
			target = 99000A5D2AF296F000FFB40F /* Shopping List Program */;
			targetProxy = 99000A822AF296F100FFB40F /* PBXContainerItemProxy */;
		};
/* End PBXTargetDependency section */

/* Begin PBXVariantGroup section */
		99000A672AF296F000FFB40F /* Main.storyboard */ = {
			isa = PBXVariantGroup;
			children = (
				99000A682AF296F000FFB40F /* Base */,
			);
			name = Main.storyboard;
			sourceTree = "<group>";
		};
		99000A6F2AF296F100FFB40F /* LaunchScreen.storyboard */ = {
			isa = PBXVariantGroup;
			children = (
				99000A702AF296F100FFB40F /* Base */,
			);
			name = LaunchScreen.storyboard;
			sourceTree = "<group>";
		};
/* End PBXVariantGroup section */

/* Begin XCBuildConfiguration section */
		99000A892AF296F100FFB40F /* Debug */ = {
			isa = XCBuildConfiguration;
			buildSettings = {
				ALWAYS_SEARCH_USER_PATHS = NO;
				CLANG_ANALYZER_NONNULL = YES;
				CLANG_ANALYZER_NUMBER_OBJECT_CONVERSION = YES_AGGRESSIVE;
				CLANG_CXX_LANGUAGE_STANDARD = "gnu++20";
				CLANG_ENABLE_MODULES = YES;
				CLANG_ENABLE_OBJC_ARC = YES;
				CLANG_ENABLE_OBJC_WEAK = YES;
				CLANG_WARN_BLOCK_CAPTURE_AUTORELEASING = YES;
				CLANG_WARN_BOOL_CONVERSION = YES;
				CLANG_WARN_COMMA = YES;
				CLANG_WARN_CONSTANT_CONVERSION = YES;
				CLANG_WARN_DEPRECATED_OBJC_IMPLEMENTATIONS = YES;
				CLANG_WARN_DIRECT_OBJC_ISA_USAGE = YES_ERROR;
				CLANG_WARN_DOCUMENTATION_COMMENTS = YES;
				CLANG_WARN_EMPTY_BODY = YES;
				CLANG_WARN_ENUM_CONVERSION = YES;
				CLANG_WARN_INFINITE_RECURSION = YES;
				CLANG_WARN_INT_CONVERSION = YES;
				CLANG_WARN_NON_LITERAL_NULL_CONVERSION = YES;
				CLANG_WARN_OBJC_IMPLICIT_RETAIN_SELF = YES;
				CLANG_WARN_OBJC_LITERAL_CONVERSION = YES;
				CLANG_WARN_OBJC_ROOT_CLASS = YES_ERROR;
				CLANG_WARN_QUOTED_INCLUDE_IN_FRAMEWORK_HEADER = YES;
				CLANG_WARN_RANGE_LOOP_ANALYSIS = YES;
				CLANG_WARN_STRICT_PROTOTYPES = YES;
				CLANG_WARN_SUSPICIOUS_MOVE = YES;
				CLANG_WARN_UNGUARDED_AVAILABILITY = YES_AGGRESSIVE;
				CLANG_WARN_UNREACHABLE_CODE = YES;
				CLANG_WARN__DUPLICATE_METHOD_MATCH = YES;
				COPY_PHASE_STRIP = NO;
				DEBUG_INFORMATION_FORMAT = dwarf;
				ENABLE_STRICT_OBJC_MSGSEND = YES;
				ENABLE_TESTABILITY = YES;
				GCC_C_LANGUAGE_STANDARD = gnu11;
				GCC_DYNAMIC_NO_PIC = NO;
				GCC_NO_COMMON_BLOCKS = YES;
				GCC_OPTIMIZATION_LEVEL = 0;
				GCC_PREPROCESSOR_DEFINITIONS = (
					"DEBUG=1",
					"$(inherited)",
				);
				GCC_WARN_64_TO_32_BIT_CONVERSION = YES;
				GCC_WARN_ABOUT_RETURN_TYPE = YES_ERROR;
				GCC_WARN_UNDECLARED_SELECTOR = YES;
				GCC_WARN_UNINITIALIZED_AUTOS = YES_AGGRESSIVE;
				GCC_WARN_UNUSED_FUNCTION = YES;
				GCC_WARN_UNUSED_VARIABLE = YES;
				IPHONEOS_DEPLOYMENT_TARGET = 16.4;
				MTL_ENABLE_DEBUG_INFO = INCLUDE_SOURCE;
				MTL_FAST_MATH = YES;
				ONLY_ACTIVE_ARCH = YES;
				SDKROOT = iphoneos;
				SWIFT_ACTIVE_COMPILATION_CONDITIONS = DEBUG;
				SWIFT_OPTIMIZATION_LEVEL = "-Onone";
			};
			name = Debug;
		};
		99000A8A2AF296F100FFB40F /* Release */ = {
			isa = XCBuildConfiguration;
			buildSettings = {
				ALWAYS_SEARCH_USER_PATHS = NO;
				CLANG_ANALYZER_NONNULL = YES;
				CLANG_ANALYZER_NUMBER_OBJECT_CONVERSION = YES_AGGRESSIVE;
				CLANG_CXX_LANGUAGE_STANDARD = "gnu++20";
				CLANG_ENABLE_MODULES = YES;
				CLANG_ENABLE_OBJC_ARC = YES;
				CLANG_ENABLE_OBJC_WEAK = YES;
				CLANG_WARN_BLOCK_CAPTURE_AUTORELEASING = YES;
				CLANG_WARN_BOOL_CONVERSION = YES;
				CLANG_WARN_COMMA = YES;
				CLANG_WARN_CONSTANT_CONVERSION = YES;
				CLANG_WARN_DEPRECATED_OBJC_IMPLEMENTATIONS = YES;
				CLANG_WARN_DIRECT_OBJC_ISA_USAGE = YES_ERROR;
				CLANG_WARN_DOCUMENTATION_COMMENTS = YES;
				CLANG_WARN_EMPTY_BODY = YES;
				CLANG_WARN_ENUM_CONVERSION = YES;
				CLANG_WARN_INFINITE_RECURSION = YES;
				CLANG_WARN_INT_CONVERSION = YES;
				CLANG_WARN_NON_LITERAL_NULL_CONVERSION = YES;
				CLANG_WARN_OBJC_IMPLICIT_RETAIN_SELF = YES;
				CLANG_WARN_OBJC_LITERAL_CONVERSION = YES;
				CLANG_WARN_OBJC_ROOT_CLASS = YES_ERROR;
				CLANG_WARN_QUOTED_INCLUDE_IN_FRAMEWORK_HEADER = YES;
				CLANG_WARN_RANGE_LOOP_ANALYSIS = YES;
				CLANG_WARN_STRICT_PROTOTYPES = YES;
				CLANG_WARN_SUSPICIOUS_MOVE = YES;
				CLANG_WARN_UNGUARDED_AVAILABILITY = YES_AGGRESSIVE;
				CLANG_WARN_UNREACHABLE_CODE = YES;
				CLANG_WARN__DUPLICATE_METHOD_MATCH = YES;
				COPY_PHASE_STRIP = NO;
				DEBUG_INFORMATION_FORMAT = "dwarf-with-dsym";
				ENABLE_NS_ASSERTIONS = NO;
				ENABLE_STRICT_OBJC_MSGSEND = YES;
				GCC_C_LANGUAGE_STANDARD = gnu11;
				GCC_NO_COMMON_BLOCKS = YES;
				GCC_WARN_64_TO_32_BIT_CONVERSION = YES;
				GCC_WARN_ABOUT_RETURN_TYPE = YES_ERROR;
				GCC_WARN_UNDECLARED_SELECTOR = YES;
				GCC_WARN_UNINITIALIZED_AUTOS = YES_AGGRESSIVE;
				GCC_WARN_UNUSED_FUNCTION = YES;
				GCC_WARN_UNUSED_VARIABLE = YES;
				IPHONEOS_DEPLOYMENT_TARGET = 16.4;
				MTL_ENABLE_DEBUG_INFO = NO;
				MTL_FAST_MATH = YES;
				SDKROOT = iphoneos;
				SWIFT_COMPILATION_MODE = wholemodule;
				SWIFT_OPTIMIZATION_LEVEL = "-O";
				VALIDATE_PRODUCT = YES;
			};
			name = Release;
		};
		99000A8C2AF296F100FFB40F /* Debug */ = {
			isa = XCBuildConfiguration;
			buildSettings = {
				ASSETCATALOG_COMPILER_APPICON_NAME = AppIcon;
				ASSETCATALOG_COMPILER_GLOBAL_ACCENT_COLOR_NAME = AccentColor;
				CODE_SIGN_STYLE = Automatic;
				CURRENT_PROJECT_VERSION = 1;
				GENERATE_INFOPLIST_FILE = YES;
				INFOPLIST_FILE = "Shopping List Program/Info.plist";
				INFOPLIST_KEY_UIApplicationSupportsIndirectInputEvents = YES;
				INFOPLIST_KEY_UILaunchStoryboardName = LaunchScreen;
				INFOPLIST_KEY_UIMainStoryboardFile = Main;
				INFOPLIST_KEY_UISupportedInterfaceOrientations_iPad = "UIInterfaceOrientationPortrait UIInterfaceOrientationPortraitUpsideDown UIInterfaceOrientationLandscapeLeft UIInterfaceOrientationLandscapeRight";
				INFOPLIST_KEY_UISupportedInterfaceOrientations_iPhone = "UIInterfaceOrientationPortrait UIInterfaceOrientationLandscapeLeft UIInterfaceOrientationLandscapeRight";
				LD_RUNPATH_SEARCH_PATHS = (
					"$(inherited)",
					"@executable_path/Frameworks",
				);
				MARKETING_VERSION = 1.0;
				PRODUCT_BUNDLE_IDENTIFIER = "clc.Shopping-List-Program";
				PRODUCT_NAME = "$(TARGET_NAME)";
				SWIFT_EMIT_LOC_STRINGS = YES;
				SWIFT_VERSION = 5.0;
				TARGETED_DEVICE_FAMILY = "1,2";
			};
			name = Debug;
		};
		99000A8D2AF296F100FFB40F /* Release */ = {
			isa = XCBuildConfiguration;
			buildSettings = {
				ASSETCATALOG_COMPILER_APPICON_NAME = AppIcon;
				ASSETCATALOG_COMPILER_GLOBAL_ACCENT_COLOR_NAME = AccentColor;
				CODE_SIGN_STYLE = Automatic;
				CURRENT_PROJECT_VERSION = 1;
				GENERATE_INFOPLIST_FILE = YES;
				INFOPLIST_FILE = "Shopping List Program/Info.plist";
				INFOPLIST_KEY_UIApplicationSupportsIndirectInputEvents = YES;
				INFOPLIST_KEY_UILaunchStoryboardName = LaunchScreen;
				INFOPLIST_KEY_UIMainStoryboardFile = Main;
				INFOPLIST_KEY_UISupportedInterfaceOrientations_iPad = "UIInterfaceOrientationPortrait UIInterfaceOrientationPortraitUpsideDown UIInterfaceOrientationLandscapeLeft UIInterfaceOrientationLandscapeRight";
				INFOPLIST_KEY_UISupportedInterfaceOrientations_iPhone = "UIInterfaceOrientationPortrait UIInterfaceOrientationLandscapeLeft UIInterfaceOrientationLandscapeRight";
				LD_RUNPATH_SEARCH_PATHS = (
					"$(inherited)",
					"@executable_path/Frameworks",
				);
				MARKETING_VERSION = 1.0;
				PRODUCT_BUNDLE_IDENTIFIER = "clc.Shopping-List-Program";
				PRODUCT_NAME = "$(TARGET_NAME)";
				SWIFT_EMIT_LOC_STRINGS = YES;
				SWIFT_VERSION = 5.0;
				TARGETED_DEVICE_FAMILY = "1,2";
			};
			name = Release;
		};
		99000A8F2AF296F100FFB40F /* Debug */ = {
			isa = XCBuildConfiguration;
			buildSettings = {
				ALWAYS_EMBED_SWIFT_STANDARD_LIBRARIES = YES;
				BUNDLE_LOADER = "$(TEST_HOST)";
				CODE_SIGN_STYLE = Automatic;
				CURRENT_PROJECT_VERSION = 1;
				GENERATE_INFOPLIST_FILE = YES;
				IPHONEOS_DEPLOYMENT_TARGET = 16.4;
				MARKETING_VERSION = 1.0;
				PRODUCT_BUNDLE_IDENTIFIER = "clc.Shopping-List-ProgramTests";
				PRODUCT_NAME = "$(TARGET_NAME)";
				SWIFT_EMIT_LOC_STRINGS = NO;
				SWIFT_VERSION = 5.0;
				TARGETED_DEVICE_FAMILY = "1,2";
				TEST_HOST = "$(BUILT_PRODUCTS_DIR)/Shopping List Program.app/$(BUNDLE_EXECUTABLE_FOLDER_PATH)/Shopping List Program";
			};
			name = Debug;
		};
		99000A902AF296F100FFB40F /* Release */ = {
			isa = XCBuildConfiguration;
			buildSettings = {
				ALWAYS_EMBED_SWIFT_STANDARD_LIBRARIES = YES;
				BUNDLE_LOADER = "$(TEST_HOST)";
				CODE_SIGN_STYLE = Automatic;
				CURRENT_PROJECT_VERSION = 1;
				GENERATE_INFOPLIST_FILE = YES;
				IPHONEOS_DEPLOYMENT_TARGET = 16.4;
				MARKETING_VERSION = 1.0;
				PRODUCT_BUNDLE_IDENTIFIER = "clc.Shopping-List-ProgramTests";
				PRODUCT_NAME = "$(TARGET_NAME)";
				SWIFT_EMIT_LOC_STRINGS = NO;
				SWIFT_VERSION = 5.0;
				TARGETED_DEVICE_FAMILY = "1,2";
				TEST_HOST = "$(BUILT_PRODUCTS_DIR)/Shopping List Program.app/$(BUNDLE_EXECUTABLE_FOLDER_PATH)/Shopping List Program";
			};
			name = Release;
		};
		99000A922AF296F100FFB40F /* Debug */ = {
			isa = XCBuildConfiguration;
			buildSettings = {
				ALWAYS_EMBED_SWIFT_STANDARD_LIBRARIES = YES;
				CODE_SIGN_STYLE = Automatic;
				CURRENT_PROJECT_VERSION = 1;
				GENERATE_INFOPLIST_FILE = YES;
				MARKETING_VERSION = 1.0;
				PRODUCT_BUNDLE_IDENTIFIER = "clc.Shopping-List-ProgramUITests";
				PRODUCT_NAME = "$(TARGET_NAME)";
				SWIFT_EMIT_LOC_STRINGS = NO;
				SWIFT_VERSION = 5.0;
				TARGETED_DEVICE_FAMILY = "1,2";
				TEST_TARGET_NAME = "Shopping List Program";
			};
			name = Debug;
		};
		99000A932AF296F100FFB40F /* Release */ = {
			isa = XCBuildConfiguration;
			buildSettings = {
				ALWAYS_EMBED_SWIFT_STANDARD_LIBRARIES = YES;
				CODE_SIGN_STYLE = Automatic;
				CURRENT_PROJECT_VERSION = 1;
				GENERATE_INFOPLIST_FILE = YES;
				MARKETING_VERSION = 1.0;
				PRODUCT_BUNDLE_IDENTIFIER = "clc.Shopping-List-ProgramUITests";
				PRODUCT_NAME = "$(TARGET_NAME)";
				SWIFT_EMIT_LOC_STRINGS = NO;
				SWIFT_VERSION = 5.0;
				TARGETED_DEVICE_FAMILY = "1,2";
				TEST_TARGET_NAME = "Shopping List Program";
			};
			name = Release;
		};
/* End XCBuildConfiguration section */

/* Begin XCConfigurationList section */
		99000A592AF296F000FFB40F /* Build configuration list for PBXProject "Shopping List Program" */ = {
			isa = XCConfigurationList;
			buildConfigurations = (
				99000A892AF296F100FFB40F /* Debug */,
				99000A8A2AF296F100FFB40F /* Release */,
			);
			defaultConfigurationIsVisible = 0;
			defaultConfigurationName = Release;
		};
		99000A8B2AF296F100FFB40F /* Build configuration list for PBXNativeTarget "Shopping List Program" */ = {
			isa = XCConfigurationList;
			buildConfigurations = (
				99000A8C2AF296F100FFB40F /* Debug */,
				99000A8D2AF296F100FFB40F /* Release */,
			);
			defaultConfigurationIsVisible = 0;
			defaultConfigurationName = Release;
		};
		99000A8E2AF296F100FFB40F /* Build configuration list for PBXNativeTarget "Shopping List ProgramTests" */ = {
			isa = XCConfigurationList;
			buildConfigurations = (
				99000A8F2AF296F100FFB40F /* Debug */,
				99000A902AF296F100FFB40F /* Release */,
			);
			defaultConfigurationIsVisible = 0;
			defaultConfigurationName = Release;
		};
		99000A912AF296F100FFB40F /* Build configuration list for PBXNativeTarget "Shopping List ProgramUITests" */ = {
			isa = XCConfigurationList;
			buildConfigurations = (
				99000A922AF296F100FFB40F /* Debug */,
				99000A932AF296F100FFB40F /* Release */,
			);
			defaultConfigurationIsVisible = 0;
			defaultConfigurationName = Release;
		};
/* End XCConfigurationList section */

/* Begin XCVersionGroup section */
		99000A6A2AF296F000FFB40F /* Shopping_List_Program.xcdatamodeld */ = {
			isa = XCVersionGroup;
			children = (
				99000A6B2AF296F000FFB40F /* Shopping_List_Program.xcdatamodel */,
			);
			currentVersion = 99000A6B2AF296F000FFB40F /* Shopping_List_Program.xcdatamodel */;
			path = Shopping_List_Program.xcdatamodeld;
			sourceTree = "<group>";
			versionGroupType = wrapper.xcdatamodel;
		};
/* End XCVersionGroup section */
	};
	rootObject = 99000A562AF296F000FFB40F /* Project object */;
}
